# @generated - this file is auto-generated by `mise lock` https://mise.jdx.dev/dev-tools/mise-lock.html

lockfile_version = 1

[[tools."aqua:anchore/grype"]]
version = "0.119.0"
backend = "aqua:anchore/grype"
specifiers = ["0.119.0"]

[tools."aqua:anchore/grype"."platforms.linux-arm64"]
checksum = "sha256:29f0ec7c549ddb0e2b6a0ca714851f7399438afc399b80c12808e065edc9a8f8"
url = "https://github.com/anchore/grype/releases/download/v0.119.0/grype_0.119.0_linux_arm64.tar.gz"
url_api = "https://api.github.com/repos/anchore/grype/releases/assets/570620605"

[tools."aqua:anchore/grype"."platforms.linux-x64"]
checksum = "sha256:3fa2dc4b924621ab65404cf08d0b8438d896d80ab949c9d5a4ca283c36004c9b"
url = "https://github.com/anchore/grype/releases/download/v0.119.0/grype_0.119.0_linux_amd64.tar.gz"
url_api = "https://api.github.com/repos/anchore/grype/releases/assets/570620608"

[tools."aqua:anchore/grype"."platforms.macos-arm64"]
checksum = "sha256:500c9b2b6c089d21481815f57a553fabbd441ec7d1e79d95e3aaf40c3bfc7e36"
url = "https://github.com/anchore/grype/releases/download/v0.119.0/grype_0.119.0_darwin_arm64.tar.gz"
url_api = "https://api.github.com/repos/anchore/grype/releases/assets/570630905"

[tools."aqua:anchore/grype"."platforms.macos-x64"]
checksum = "sha256:ea106d3ab9573d654871ad9e3e89be2237506ff3f8c170e5aeacb59da4def2b8"
url = "https://github.com/anchore/grype/releases/download/v0.119.0/grype_0.119.0_darwin_amd64.tar.gz"
url_api = "https://api.github.com/repos/anchore/grype/releases/assets/570631539"

[[tools."aqua:anchore/syft"]]
version = "1.52.0"
backend = "aqua:anchore/syft"
specifiers = ["1.52.0"]

[tools."aqua:anchore/syft"."platforms.linux-arm64"]
checksum = "sha256:c46d5e4c28e12aa4c5becfaa343ef1c7f89045b6b895f2c21d471c62db09c706"
url = "https://github.com/anchore/syft/releases/download/v1.52.0/syft_1.52.0_linux_arm64.tar.gz"
url_api = "https://api.github.com/repos/anchore/syft/releases/assets/570445811"

[tools."aqua:anchore/syft"."platforms.linux-x64"]
checksum = "sha256:caeedb81fb0491615f1ebd1761e4145d41ee86dd2cc7bf80669f9f5ad9d6133d"
url = "https://github.com/anchore/syft/releases/download/v1.52.0/syft_1.52.0_linux_amd64.tar.gz"
url_api = "https://api.github.com/repos/anchore/syft/releases/assets/570445809"

[tools."aqua:anchore/syft"."platforms.macos-arm64"]
checksum = "sha256:014d561b6d13059124155f74a6c5a9a99501f5e209313638dd884f39eb418ee6"
url = "https://github.com/anchore/syft/releases/download/v1.52.0/syft_1.52.0_darwin_arm64.tar.gz"
url_api = "https://api.github.com/repos/anchore/syft/releases/assets/570445806"

[tools."aqua:anchore/syft"."platforms.macos-x64"]
checksum = "sha256:56975f5d7ffa9846a1eaf64330647841b878097bc7e3730cb9325f93add96917"
url = "https://github.com/anchore/syft/releases/download/v1.52.0/syft_1.52.0_darwin_amd64.tar.gz"
url_api = "https://api.github.com/repos/anchore/syft/releases/assets/570445818"

[[tools."aqua:opengrep/opengrep"]]
version = "1.30.0"
backend = "aqua:opengrep/opengrep"
specifiers = ["1.30.0"]

[tools."aqua:opengrep/opengrep"."platforms.linux-arm64"]
checksum = "sha256:a5d5a4a58ba5d46ff51e921663da1c2bba38f4b03987f4aeec87f16c6ad3ecae"
url = "https://github.com/opengrep/opengrep/releases/download/v1.30.0/opengrep_manylinux_aarch64"
url_api = "https://api.github.com/repos/opengrep/opengrep/releases/assets/548657431"

[tools."aqua:opengrep/opengrep"."platforms.linux-x64"]
checksum = "sha256:35779bdd72e92129c8df2a77f0c55e8c08356801ea92591ef32108d6b28d564c"
url = "https://github.com/opengrep/opengrep/releases/download/v1.30.0/opengrep_manylinux_x86"
url_api = "https://api.github.com/repos/opengrep/opengrep/releases/assets/548657435"

[tools."aqua:opengrep/opengrep"."platforms.macos-arm64"]
checksum = "sha256:0f5bc3dec09d995c61331a4017b856ede508f90d95b018d95f1dc6166be89fdd"
url = "https://github.com/opengrep/opengrep/releases/download/v1.30.0/opengrep_osx_arm64"
url_api = "https://api.github.com/repos/opengrep/opengrep/releases/assets/548657446"

[tools."aqua:opengrep/opengrep"."platforms.macos-x64"]
checksum = "sha256:650772a849a2986880982b7dea0371f96a75d354de95f94e8c1a2e6f8f6262d1"
url = "https://github.com/opengrep/opengrep/releases/download/v1.30.0/opengrep_osx_x86"
url_api = "https://api.github.com/repos/opengrep/opengrep/releases/assets/548657443"

[[tools."http:grant"]]
version = "0.6.8"
backend = "http:grant"
specifiers = ["0.6.8"]

[tools."http:grant"."platforms.linux-arm64"]
checksum = "sha256:15ec0b4346a64b5580958dc62c4e7c25ca9e59b7582bab9706679f6b9d2288b8"
url = "https://github.com/anchore/grant/releases/download/v0.6.8/grant_0.6.8_linux_arm64.tar.gz"

[tools."http:grant"."platforms.linux-x64"]
checksum = "sha256:6500f8bbf0f20fb993de8084686e199f0ba1eb494769ff75454286d5ef63f919"
url = "https://github.com/anchore/grant/releases/download/v0.6.8/grant_0.6.8_linux_amd64.tar.gz"

[tools."http:grant"."platforms.macos-arm64"]
checksum = "sha256:3d8f315f4f27d9efc8fc712ee27f10cd0df64ac794226580ea5346234f2d6806"
url = "https://github.com/anchore/grant/releases/download/v0.6.8/grant_0.6.8_darwin_arm64.tar.gz"

[tools."http:grant"."platforms.macos-x64"]
checksum = "sha256:e8b2b3b3666ef4bb3731d0399485215258f8c205ab30f1557b9b51b34b8bd44c"
url = "https://github.com/anchore/grant/releases/download/v0.6.8/grant_0.6.8_darwin_amd64.tar.gz"
