# @generated - this file is auto-generated by `mise lock` https://mise.jdx.dev/dev-tools/mise-lock.html

lockfile_version = 1

[[tools."aqua:anchore/grype"]]
version = "0.110.0"
backend = "aqua:anchore/grype"
specifiers = ["0.110.0"]

[tools."aqua:anchore/grype"."platforms.linux-arm64"]
checksum = "sha256:804041ee69f119022e3e866741a558eae6f2df372a5dc1a5376d456d16f8c931"
url = "https://github.com/anchore/grype/releases/download/v0.110.0/grype_0.110.0_linux_arm64.tar.gz"
url_api = "https://api.github.com/repos/anchore/grype/releases/assets/377376163"

[tools."aqua:anchore/grype"."platforms.linux-x64"]
checksum = "sha256:aaa98d27d2d7efd9317c6a1ad6d9b15f3e65bab320e7d03bde41e251387bb71c"
url = "https://github.com/anchore/grype/releases/download/v0.110.0/grype_0.110.0_linux_amd64.tar.gz"
url_api = "https://api.github.com/repos/anchore/grype/releases/assets/377376167"

[tools."aqua:anchore/grype"."platforms.macos-arm64"]
checksum = "sha256:9aff01bfcb4510a1b803ef59375b43cd80764fa49aed71f9a3da81c417037411"
url = "https://github.com/anchore/grype/releases/download/v0.110.0/grype_0.110.0_darwin_arm64.tar.gz"
url_api = "https://api.github.com/repos/anchore/grype/releases/assets/377376186"

[tools."aqua:anchore/grype"."platforms.macos-x64"]
checksum = "sha256:61e767381c395b2fac9ed6016f45de39107761df75f094fc3d9b7822809d07df"
url = "https://github.com/anchore/grype/releases/download/v0.110.0/grype_0.110.0_darwin_amd64.tar.gz"
url_api = "https://api.github.com/repos/anchore/grype/releases/assets/377376187"

[[tools."aqua:anchore/syft"]]
version = "1.42.3"
backend = "aqua:anchore/syft"
specifiers = ["1.42.3"]

[tools."aqua:anchore/syft"."platforms.linux-arm64"]
checksum = "sha256:dc630590c953347789d08f8ebf57c7d8094db89100785fcd94b1cddeac791804"
url = "https://github.com/anchore/syft/releases/download/v1.42.3/syft_1.42.3_linux_arm64.tar.gz"
url_api = "https://api.github.com/repos/anchore/syft/releases/assets/377338310"

[tools."aqua:anchore/syft"."platforms.linux-x64"]
checksum = "sha256:0d6be741479eddd2c8644a288990c04f3df0d609bbc1599a005532a9dff63509"
url = "https://github.com/anchore/syft/releases/download/v1.42.3/syft_1.42.3_linux_amd64.tar.gz"
url_api = "https://api.github.com/repos/anchore/syft/releases/assets/377338300"

[tools."aqua:anchore/syft"."platforms.macos-arm64"]
checksum = "sha256:d71ee7db2be0fe2e96f679fd9d69ef04274cc86c8604707797080a21070b3f32"
url = "https://github.com/anchore/syft/releases/download/v1.42.3/syft_1.42.3_darwin_arm64.tar.gz"
url_api = "https://api.github.com/repos/anchore/syft/releases/assets/377338302"

[tools."aqua:anchore/syft"."platforms.macos-x64"]
checksum = "sha256:c00d01b7c43504708c8922d643d1cbaefa62ca8876baa4d2c2cf4c3be43707a9"
url = "https://github.com/anchore/syft/releases/download/v1.42.3/syft_1.42.3_darwin_amd64.tar.gz"
url_api = "https://api.github.com/repos/anchore/syft/releases/assets/377338303"

[[tools."aqua:opengrep/opengrep"]]
version = "1.25.0"
backend = "aqua:opengrep/opengrep"
specifiers = ["1.25.0"]

[tools."aqua:opengrep/opengrep"."platforms.linux-arm64"]
checksum = "sha256:fd40124272d006082a5594b19aecee07b01dd50933d8add7a4fd5c557d2be5f6"
url = "https://github.com/opengrep/opengrep/releases/download/v1.25.0/opengrep_manylinux_aarch64"
url_api = "https://api.github.com/repos/opengrep/opengrep/releases/assets/463465099"

[tools."aqua:opengrep/opengrep"."platforms.linux-x64"]
checksum = "sha256:9ac4aebb47ba3f7b0d8fc641ac8749cb6c2f253f616131a67d9631e00d4bea33"
url = "https://github.com/opengrep/opengrep/releases/download/v1.25.0/opengrep_manylinux_x86"
url_api = "https://api.github.com/repos/opengrep/opengrep/releases/assets/463465074"

[tools."aqua:opengrep/opengrep"."platforms.macos-arm64"]
checksum = "sha256:3543fcabae9db2ae5bc974a3b75426353f0a3e369181b2157ef27f46867996c8"
url = "https://github.com/opengrep/opengrep/releases/download/v1.25.0/opengrep_osx_arm64"
url_api = "https://api.github.com/repos/opengrep/opengrep/releases/assets/463465091"

[tools."aqua:opengrep/opengrep"."platforms.macos-x64"]
checksum = "sha256:fa2487b75527be1cc9ae4f9b0cb09a340454e7973c76785568285cbbcd977cb4"
url = "https://github.com/opengrep/opengrep/releases/download/v1.25.0/opengrep_osx_x86"
url_api = "https://api.github.com/repos/opengrep/opengrep/releases/assets/463465093"

[[tools."http:grant"]]
version = "0.6.4"
backend = "http:grant"
specifiers = ["0.6.4"]

[tools."http:grant"."platforms.linux-arm64"]
checksum = "sha256:80867f4e3496344fd1c2902ccae2928b91f9f323ea6a338e806c658b65081435"
url = "https://github.com/anchore/grant/releases/download/v0.6.4/grant_0.6.4_linux_arm64.tar.gz"

[tools."http:grant"."platforms.linux-x64"]
checksum = "sha256:fe0d060012180c734679bad50deff01561c6c70b06997db73ac1ae56b7ba59a1"
url = "https://github.com/anchore/grant/releases/download/v0.6.4/grant_0.6.4_linux_amd64.tar.gz"

[tools."http:grant"."platforms.macos-arm64"]
checksum = "sha256:da600fdc49907aa0fd967e5ad9c69da067069add7d9acbddcb92cda5575a6952"
url = "https://github.com/anchore/grant/releases/download/v0.6.4/grant_0.6.4_darwin_arm64.tar.gz"

[tools."http:grant"."platforms.macos-x64"]
checksum = "sha256:430eb1d366c72199f8de7f82737378cc925a05e3ffe6362be710bbf541cd72a7"
url = "https://github.com/anchore/grant/releases/download/v0.6.4/grant_0.6.4_darwin_amd64.tar.gz"
